
Microsoft Visual Studio Solution File, Format Version 12.00
# Visual Studio 2012
Project("{FAE04EC0-301F-11D3-BF4B-00C04F79EFBC}") = "NavigationBar", "NavigationBar\NavigationBar.csproj", "{989719F4-C03F-4784-9095-E739BD442DD7}"
EndProject
Global
	GlobalSection(SolutionConfigurationPlatforms) = preSolution
		Debug|iPhoneSimulator = Debug|iPhoneSimulator
		Release|iPhone = Release|iPhone
		Release|iPhoneSimulator = Release|iPhoneSimulator
		Debug|iPhone = Debug|iPhone
	EndGlobalSection
	GlobalSection(ProjectConfigurationPlatforms) = postSolution
		{989719F4-C03F-4784-9095-E739BD442DD7}.Debug|iPhoneSimulator.ActiveCfg = Debug|iPhoneSimulator
		{989719F4-C03F-4784-9095-E739BD442DD7}.Debug|iPhoneSimulator.Build.0 = Debug|iPhoneSimulator
		{989719F4-C03F-4784-9095-E739BD442DD7}.Release|iPhone.ActiveCfg = Release|iPhone
		{989719F4-C03F-4784-9095-E739BD442DD7}.Release|iPhone.Build.0 = Release|iPhone
		{989719F4-C03F-4784-9095-E739BD442DD7}.Release|iPhoneSimulator.ActiveCfg = Release|iPhoneSimulator
		{989719F4-C03F-4784-9095-E739BD442DD7}.Release|iPhoneSimulator.Build.0 = Release|iPhoneSimulator
		{989719F4-C03F-4784-9095-E739BD442DD7}.Debug|iPhone.ActiveCfg = Debug|iPhone
		{989719F4-C03F-4784-9095-E739BD442DD7}.Debug|iPhone.Build.0 = Debug|iPhone
	EndGlobalSection
EndGlobal
