
Microsoft Visual Studio Solution File, Format Version 12.00
# Visual Studio 2012
Project("{FAE04EC0-301F-11D3-BF4B-00C04F79EFBC}") = "TableViewController", "TableViewController\TableViewController.csproj", "{C854C7E9-E560-4184-A807-0F1FF27C5FD1}"
EndProject
Global
	GlobalSection(SolutionConfigurationPlatforms) = preSolution
		Debug|iPhoneSimulator = Debug|iPhoneSimulator
		Release|iPhone = Release|iPhone
		Release|iPhoneSimulator = Release|iPhoneSimulator
		Debug|iPhone = Debug|iPhone
	EndGlobalSection
	GlobalSection(ProjectConfigurationPlatforms) = postSolution
		{C854C7E9-E560-4184-A807-0F1FF27C5FD1}.Debug|iPhoneSimulator.ActiveCfg = Debug|iPhoneSimulator
		{C854C7E9-E560-4184-A807-0F1FF27C5FD1}.Debug|iPhoneSimulator.Build.0 = Debug|iPhoneSimulator
		{C854C7E9-E560-4184-A807-0F1FF27C5FD1}.Release|iPhone.ActiveCfg = Release|iPhone
		{C854C7E9-E560-4184-A807-0F1FF27C5FD1}.Release|iPhone.Build.0 = Release|iPhone
		{C854C7E9-E560-4184-A807-0F1FF27C5FD1}.Release|iPhoneSimulator.ActiveCfg = Release|iPhoneSimulator
		{C854C7E9-E560-4184-A807-0F1FF27C5FD1}.Release|iPhoneSimulator.Build.0 = Release|iPhoneSimulator
		{C854C7E9-E560-4184-A807-0F1FF27C5FD1}.Debug|iPhone.ActiveCfg = Debug|iPhone
		{C854C7E9-E560-4184-A807-0F1FF27C5FD1}.Debug|iPhone.Build.0 = Debug|iPhone
	EndGlobalSection
EndGlobal
